
Microsoft Visual Studio Solution File, Format Version 12.00
# Visual Studio Version 17
VisualStudioVersion = 17.1.32210.238
MinimumVisualStudioVersion = 10.0.40219.1
Project("{9A19103F-16F7-4668-BE54-9A1E7A4F7556}") = "NoteProjectBotV4", "NoteProjectBotV4\NoteProjectBotV4.csproj", "{2294EA45-F71E-43DC-A322-96716A60B56E}"
EndProject
Project("{9A19103F-16F7-4668-BE54-9A1E7A4F7556}") = "Business", "Business\Business.csproj", "{B2021B41-C325-4CE0-BFEF-90F1392AB3F6}"
EndProject
Project("{9A19103F-16F7-4668-BE54-9A1E7A4F7556}") = "DataStore", "Data\DataStore.csproj", "{9E043405-557D-4CFA-B247-151F4D7491DE}"
EndProject
Project("{FAE04EC0-301F-11D3-BF4B-00C04F79EFBC}") = "Tests", "Tests\Tests.csproj", "{561881B3-DA2F-4378-9FDF-6D6312190A1D}"
	ProjectSection(ProjectDependencies) = postProject
		{B2021B41-C325-4CE0-BFEF-90F1392AB3F6} = {B2021B41-C325-4CE0-BFEF-90F1392AB3F6}
	EndProjectSection
EndProject
Global
	GlobalSection(SolutionConfigurationPlatforms) = preSolution
		Debug|Any CPU = Debug|Any CPU
		Release|Any CPU = Release|Any CPU
	EndGlobalSection
	GlobalSection(ProjectConfigurationPlatforms) = postSolution
		{2294EA45-F71E-43DC-A322-96716A60B56E}.Debug|Any CPU.ActiveCfg = Debug|Any CPU
		{2294EA45-F71E-43DC-A322-96716A60B56E}.Debug|Any CPU.Build.0 = Debug|Any CPU
		{2294EA45-F71E-43DC-A322-96716A60B56E}.Release|Any CPU.ActiveCfg = Release|Any CPU
		{2294EA45-F71E-43DC-A322-96716A60B56E}.Release|Any CPU.Build.0 = Release|Any CPU
		{B2021B41-C325-4CE0-BFEF-90F1392AB3F6}.Debug|Any CPU.ActiveCfg = Debug|Any CPU
		{B2021B41-C325-4CE0-BFEF-90F1392AB3F6}.Debug|Any CPU.Build.0 = Debug|Any CPU
		{B2021B41-C325-4CE0-BFEF-90F1392AB3F6}.Release|Any CPU.ActiveCfg = Release|Any CPU
		{B2021B41-C325-4CE0-BFEF-90F1392AB3F6}.Release|Any CPU.Build.0 = Release|Any CPU
		{9E043405-557D-4CFA-B247-151F4D7491DE}.Debug|Any CPU.ActiveCfg = Debug|Any CPU
		{9E043405-557D-4CFA-B247-151F4D7491DE}.Debug|Any CPU.Build.0 = Debug|Any CPU
		{9E043405-557D-4CFA-B247-151F4D7491DE}.Release|Any CPU.ActiveCfg = Release|Any CPU
		{9E043405-557D-4CFA-B247-151F4D7491DE}.Release|Any CPU.Build.0 = Release|Any CPU
		{561881B3-DA2F-4378-9FDF-6D6312190A1D}.Debug|Any CPU.ActiveCfg = Debug|Any CPU
		{561881B3-DA2F-4378-9FDF-6D6312190A1D}.Debug|Any CPU.Build.0 = Debug|Any CPU
		{561881B3-DA2F-4378-9FDF-6D6312190A1D}.Release|Any CPU.ActiveCfg = Release|Any CPU
		{561881B3-DA2F-4378-9FDF-6D6312190A1D}.Release|Any CPU.Build.0 = Release|Any CPU
	EndGlobalSection
	GlobalSection(SolutionProperties) = preSolution
		HideSolutionNode = FALSE
	EndGlobalSection
	GlobalSection(ExtensibilityGlobals) = postSolution
		SolutionGuid = {DEB1A847-1996-49CA-9A2A-FF3D9BA511BF}
	EndGlobalSection
EndGlobal
